
Microsoft Visual Studio Solution File, Format Version 12.00
# Visual Studio Version 16
VisualStudioVersion = 16.0.31205.134
MinimumVisualStudioVersion = 10.0.40219.1
Project("{FAE04EC0-301F-11D3-BF4B-00C04F79EFBC}") = "AplikasiKPL_7", "AplikasiKPL_7\AplikasiKPL_7.csproj", "{F79AC093-9194-4C77-925F-01B5EF3DC7BE}"
EndProject
Global
	GlobalSection(SolutionConfigurationPlatforms) = preSolution
		Debug|Any CPU = Debug|Any CPU
		Release|Any CPU = Release|Any CPU
	EndGlobalSection
	GlobalSection(ProjectConfigurationPlatforms) = postSolution
		{F79AC093-9194-4C77-925F-01B5EF3DC7BE}.Debug|Any CPU.ActiveCfg = Debug|Any CPU
		{F79AC093-9194-4C77-925F-01B5EF3DC7BE}.Debug|Any CPU.Build.0 = Debug|Any CPU
		{F79AC093-9194-4C77-925F-01B5EF3DC7BE}.Release|Any CPU.ActiveCfg = Release|Any CPU
		{F79AC093-9194-4C77-925F-01B5EF3DC7BE}.Release|Any CPU.Build.0 = Release|Any CPU
	EndGlobalSection
	GlobalSection(SolutionProperties) = preSolution
		HideSolutionNode = FALSE
	EndGlobalSection
	GlobalSection(ExtensibilityGlobals) = postSolution
		SolutionGuid = {AD796979-B32D-4F08-A337-BF6CBA5C98EE}
	EndGlobalSection
EndGlobal
